
Microsoft Visual Studio Solution File, Format Version 10.00
# Visual Studio 2008
Project("{FAE04EC0-301F-11D3-BF4B-00C04F79EFBC}") = "LinqBooks.Web", "LinqBooks.Web\LinqBooks.Web.csproj", "{95C614D1-D1D8-4DB1-88F7-BE0F8DD65969}"
EndProject
Project("{2150E333-8FDC-42A3-9474-1A3956D46DE8}") = "Lib", "Lib", "{DC875526-124C-488C-99A2-FCB9DE217F75}"
	ProjectSection(SolutionItems) = preProject
		Lib\AjaxControlToolkit.dll = Lib\AjaxControlToolkit.dll
		Lib\AjaxControlToolkit.pdb = Lib\AjaxControlToolkit.pdb
	EndProjectSection
	ProjectSection(FolderStartupServices) = postProject
		{B4F97281-0DBD-4835-9ED8-7DFB966E87FF} = {B4F97281-0DBD-4835-9ED8-7DFB966E87FF}
	EndProjectSection
EndProject
Project("{FAE04EC0-301F-11D3-BF4B-00C04F79EFBC}") = "LinqBooks.ImportFromAmazon", "LinqBooks.ImportFromAmazon\LinqBooks.ImportFromAmazon.csproj", "{079EC2EA-BBB9-4D91-B68C-B25491BC7C79}"
EndProject
Project("{FAE04EC0-301F-11D3-BF4B-00C04F79EFBC}") = "LinqBooks.DataAccess", "LinqBooks.DataAccess\LinqBooks.DataAccess.csproj", "{21C5DEA1-9632-496B-A96E-9BA49532A2B3}"
EndProject
Project("{FAE04EC0-301F-11D3-BF4B-00C04F79EFBC}") = "LinqBooks.Entities", "LinqBooks.Entities\LinqBooks.Entities.csproj", "{6CDFA8BA-81F7-4CE8-AE0D-BE01AD1852D8}"
EndProject
Project("{FAE04EC0-301F-11D3-BF4B-00C04F79EFBC}") = "AmazonCommon", "..\AmazonCommon\AmazonCommon.csproj", "{A272B4AF-92AA-4C1F-8D4A-6788C808134B}"
EndProject
Global
	GlobalSection(SolutionConfigurationPlatforms) = preSolution
		Debug|Any CPU = Debug|Any CPU
		Release|Any CPU = Release|Any CPU
	EndGlobalSection
	GlobalSection(ProjectConfigurationPlatforms) = postSolution
		{95C614D1-D1D8-4DB1-88F7-BE0F8DD65969}.Debug|Any CPU.ActiveCfg = Debug|Any CPU
		{95C614D1-D1D8-4DB1-88F7-BE0F8DD65969}.Debug|Any CPU.Build.0 = Debug|Any CPU
		{95C614D1-D1D8-4DB1-88F7-BE0F8DD65969}.Release|Any CPU.ActiveCfg = Release|Any CPU
		{95C614D1-D1D8-4DB1-88F7-BE0F8DD65969}.Release|Any CPU.Build.0 = Release|Any CPU
		{079EC2EA-BBB9-4D91-B68C-B25491BC7C79}.Debug|Any CPU.ActiveCfg = Debug|Any CPU
		{079EC2EA-BBB9-4D91-B68C-B25491BC7C79}.Debug|Any CPU.Build.0 = Debug|Any CPU
		{079EC2EA-BBB9-4D91-B68C-B25491BC7C79}.Release|Any CPU.ActiveCfg = Release|Any CPU
		{079EC2EA-BBB9-4D91-B68C-B25491BC7C79}.Release|Any CPU.Build.0 = Release|Any CPU
		{21C5DEA1-9632-496B-A96E-9BA49532A2B3}.Debug|Any CPU.ActiveCfg = Debug|Any CPU
		{21C5DEA1-9632-496B-A96E-9BA49532A2B3}.Debug|Any CPU.Build.0 = Debug|Any CPU
		{21C5DEA1-9632-496B-A96E-9BA49532A2B3}.Release|Any CPU.ActiveCfg = Release|Any CPU
		{21C5DEA1-9632-496B-A96E-9BA49532A2B3}.Release|Any CPU.Build.0 = Release|Any CPU
		{6CDFA8BA-81F7-4CE8-AE0D-BE01AD1852D8}.Debug|Any CPU.ActiveCfg = Debug|Any CPU
		{6CDFA8BA-81F7-4CE8-AE0D-BE01AD1852D8}.Debug|Any CPU.Build.0 = Debug|Any CPU
		{6CDFA8BA-81F7-4CE8-AE0D-BE01AD1852D8}.Release|Any CPU.ActiveCfg = Release|Any CPU
		{6CDFA8BA-81F7-4CE8-AE0D-BE01AD1852D8}.Release|Any CPU.Build.0 = Release|Any CPU
		{A272B4AF-92AA-4C1F-8D4A-6788C808134B}.Debug|Any CPU.ActiveCfg = Debug|Any CPU
		{A272B4AF-92AA-4C1F-8D4A-6788C808134B}.Debug|Any CPU.Build.0 = Debug|Any CPU
		{A272B4AF-92AA-4C1F-8D4A-6788C808134B}.Release|Any CPU.ActiveCfg = Release|Any CPU
		{A272B4AF-92AA-4C1F-8D4A-6788C808134B}.Release|Any CPU.Build.0 = Release|Any CPU
	EndGlobalSection
	GlobalSection(SolutionProperties) = preSolution
		HideSolutionNode = FALSE
	EndGlobalSection
	GlobalSection(TextTemplating) = postSolution
		TextTemplating = 1
	EndGlobalSection
EndGlobal
