
Microsoft Visual Studio Solution File, Format Version 12.00
# Visual Studio Version 16
VisualStudioVersion = 16.0.32630.194
MinimumVisualStudioVersion = 10.0.40219.1
Project("{FAE04EC0-301F-11D3-BF4B-00C04F79EFBC}") = "LeetCode", "LeetCode\LeetCode.csproj", "{B3B4449B-B142-4780-9887-A31814090645}"
EndProject
Global
	GlobalSection(SolutionConfigurationPlatforms) = preSolution
		Debug|Any CPU = Debug|Any CPU
		Release|Any CPU = Release|Any CPU
	EndGlobalSection
	GlobalSection(ProjectConfigurationPlatforms) = postSolution
		{B3B4449B-B142-4780-9887-A31814090645}.Debug|Any CPU.ActiveCfg = Debug|Any CPU
		{B3B4449B-B142-4780-9887-A31814090645}.Debug|Any CPU.Build.0 = Debug|Any CPU
		{B3B4449B-B142-4780-9887-A31814090645}.Release|Any CPU.ActiveCfg = Release|Any CPU
		{B3B4449B-B142-4780-9887-A31814090645}.Release|Any CPU.Build.0 = Release|Any CPU
	EndGlobalSection
	GlobalSection(SolutionProperties) = preSolution
		HideSolutionNode = FALSE
	EndGlobalSection
	GlobalSection(ExtensibilityGlobals) = postSolution
		SolutionGuid = {2C51B178-1344-4B02-8877-923864DF6930}
	EndGlobalSection
EndGlobal
