
Microsoft Visual Studio Solution File, Format Version 10.00
# Visual Studio 2008
Project("{FAE04EC0-301F-11D3-BF4B-00C04F79EFBC}") = "DotNet2", "DotNet2\DotNet2.csproj", "{D3A0B527-8F71-440B-9D40-C356B22EAA30}"
EndProject
Project("{FAE04EC0-301F-11D3-BF4B-00C04F79EFBC}") = "ObjectDumper", "..\ObjectDumper\ObjectDumper.csproj", "{D2BE27AE-A151-4259-931A-D95B906E10B6}"
EndProject
Project("{FAE04EC0-301F-11D3-BF4B-00C04F79EFBC}") = "DotNet2Improved", "DotNet2Improved\DotNet2Improved.csproj", "{BAF2EF39-C5D0-44A3-9B02-E0056469DA22}"
EndProject
Project("{FAE04EC0-301F-11D3-BF4B-00C04F79EFBC}") = "UsingVar", "UsingVar\UsingVar.csproj", "{AA0D56B0-EC0B-4F60-BB6D-9B5A8F0E9BD1}"
EndProject
Project("{FAE04EC0-301F-11D3-BF4B-00C04F79EFBC}") = "ObjectInitializer", "ObjectInitializer\ObjectInitializer.csproj", "{DDB32E0A-E1B6-4826-898A-63B7856CF3D0}"
EndProject
Project("{FAE04EC0-301F-11D3-BF4B-00C04F79EFBC}") = "LambdaExpressions", "LambdaExpressions\LambdaExpressions.csproj", "{F97E77FF-012B-4991-B822-098D313D2DF7}"
EndProject
Project("{FAE04EC0-301F-11D3-BF4B-00C04F79EFBC}") = "ExtensionMethods", "ExtensionMethods\ExtensionMethods.csproj", "{A3AF82E7-BF13-4965-AE83-EDF54B3AD8A2}"
EndProject
Project("{FAE04EC0-301F-11D3-BF4B-00C04F79EFBC}") = "ExtensionMethodsDiscoverability", "ExtensionMethodsDiscoverability\ExtensionMethodsDiscoverability.csproj", "{7FAC8287-A646-4DAE-A001-C39685D9CB6F}"
EndProject
Project("{FAE04EC0-301F-11D3-BF4B-00C04F79EFBC}") = "AnonymousTypes", "AnonymousTypes\AnonymousTypes.csproj", "{3ED219F9-FBD4-46D5-81A6-A0D2581A6E07}"
EndProject
Project("{FAE04EC0-301F-11D3-BF4B-00C04F79EFBC}") = "CompleteCode", "CompleteCode\CompleteCode.csproj", "{DC249F72-4815-4455-85BA-510609A4FA3D}"
EndProject
Global
	GlobalSection(TextTemplating) = postSolution
		TextTemplating = 1
	EndGlobalSection
	GlobalSection(SolutionConfigurationPlatforms) = preSolution
		Debug|Any CPU = Debug|Any CPU
		Release|Any CPU = Release|Any CPU
	EndGlobalSection
	GlobalSection(ProjectConfigurationPlatforms) = postSolution
		{D3A0B527-8F71-440B-9D40-C356B22EAA30}.Debug|Any CPU.ActiveCfg = Debug|Any CPU
		{D3A0B527-8F71-440B-9D40-C356B22EAA30}.Debug|Any CPU.Build.0 = Debug|Any CPU
		{D3A0B527-8F71-440B-9D40-C356B22EAA30}.Release|Any CPU.ActiveCfg = Release|Any CPU
		{D3A0B527-8F71-440B-9D40-C356B22EAA30}.Release|Any CPU.Build.0 = Release|Any CPU
		{D2BE27AE-A151-4259-931A-D95B906E10B6}.Debug|Any CPU.ActiveCfg = Debug|Any CPU
		{D2BE27AE-A151-4259-931A-D95B906E10B6}.Debug|Any CPU.Build.0 = Debug|Any CPU
		{D2BE27AE-A151-4259-931A-D95B906E10B6}.Release|Any CPU.ActiveCfg = Release|Any CPU
		{D2BE27AE-A151-4259-931A-D95B906E10B6}.Release|Any CPU.Build.0 = Release|Any CPU
		{BAF2EF39-C5D0-44A3-9B02-E0056469DA22}.Debug|Any CPU.ActiveCfg = Debug|Any CPU
		{BAF2EF39-C5D0-44A3-9B02-E0056469DA22}.Debug|Any CPU.Build.0 = Debug|Any CPU
		{BAF2EF39-C5D0-44A3-9B02-E0056469DA22}.Release|Any CPU.ActiveCfg = Release|Any CPU
		{BAF2EF39-C5D0-44A3-9B02-E0056469DA22}.Release|Any CPU.Build.0 = Release|Any CPU
		{AA0D56B0-EC0B-4F60-BB6D-9B5A8F0E9BD1}.Debug|Any CPU.ActiveCfg = Debug|Any CPU
		{AA0D56B0-EC0B-4F60-BB6D-9B5A8F0E9BD1}.Debug|Any CPU.Build.0 = Debug|Any CPU
		{AA0D56B0-EC0B-4F60-BB6D-9B5A8F0E9BD1}.Release|Any CPU.ActiveCfg = Release|Any CPU
		{AA0D56B0-EC0B-4F60-BB6D-9B5A8F0E9BD1}.Release|Any CPU.Build.0 = Release|Any CPU
		{DDB32E0A-E1B6-4826-898A-63B7856CF3D0}.Debug|Any CPU.ActiveCfg = Debug|Any CPU
		{DDB32E0A-E1B6-4826-898A-63B7856CF3D0}.Debug|Any CPU.Build.0 = Debug|Any CPU
		{DDB32E0A-E1B6-4826-898A-63B7856CF3D0}.Release|Any CPU.ActiveCfg = Release|Any CPU
		{DDB32E0A-E1B6-4826-898A-63B7856CF3D0}.Release|Any CPU.Build.0 = Release|Any CPU
		{F97E77FF-012B-4991-B822-098D313D2DF7}.Debug|Any CPU.ActiveCfg = Debug|Any CPU
		{F97E77FF-012B-4991-B822-098D313D2DF7}.Debug|Any CPU.Build.0 = Debug|Any CPU
		{F97E77FF-012B-4991-B822-098D313D2DF7}.Release|Any CPU.ActiveCfg = Release|Any CPU
		{F97E77FF-012B-4991-B822-098D313D2DF7}.Release|Any CPU.Build.0 = Release|Any CPU
		{A3AF82E7-BF13-4965-AE83-EDF54B3AD8A2}.Debug|Any CPU.ActiveCfg = Debug|Any CPU
		{A3AF82E7-BF13-4965-AE83-EDF54B3AD8A2}.Debug|Any CPU.Build.0 = Debug|Any CPU
		{A3AF82E7-BF13-4965-AE83-EDF54B3AD8A2}.Release|Any CPU.ActiveCfg = Release|Any CPU
		{A3AF82E7-BF13-4965-AE83-EDF54B3AD8A2}.Release|Any CPU.Build.0 = Release|Any CPU
		{7FAC8287-A646-4DAE-A001-C39685D9CB6F}.Debug|Any CPU.ActiveCfg = Debug|Any CPU
		{7FAC8287-A646-4DAE-A001-C39685D9CB6F}.Debug|Any CPU.Build.0 = Debug|Any CPU
		{7FAC8287-A646-4DAE-A001-C39685D9CB6F}.Release|Any CPU.ActiveCfg = Release|Any CPU
		{7FAC8287-A646-4DAE-A001-C39685D9CB6F}.Release|Any CPU.Build.0 = Release|Any CPU
		{3ED219F9-FBD4-46D5-81A6-A0D2581A6E07}.Debug|Any CPU.ActiveCfg = Debug|Any CPU
		{3ED219F9-FBD4-46D5-81A6-A0D2581A6E07}.Debug|Any CPU.Build.0 = Debug|Any CPU
		{3ED219F9-FBD4-46D5-81A6-A0D2581A6E07}.Release|Any CPU.ActiveCfg = Release|Any CPU
		{3ED219F9-FBD4-46D5-81A6-A0D2581A6E07}.Release|Any CPU.Build.0 = Release|Any CPU
		{DC249F72-4815-4455-85BA-510609A4FA3D}.Debug|Any CPU.ActiveCfg = Debug|Any CPU
		{DC249F72-4815-4455-85BA-510609A4FA3D}.Debug|Any CPU.Build.0 = Debug|Any CPU
		{DC249F72-4815-4455-85BA-510609A4FA3D}.Release|Any CPU.ActiveCfg = Release|Any CPU
		{DC249F72-4815-4455-85BA-510609A4FA3D}.Release|Any CPU.Build.0 = Release|Any CPU
	EndGlobalSection
	GlobalSection(SolutionProperties) = preSolution
		HideSolutionNode = FALSE
	EndGlobalSection
EndGlobal
