<?xml version="1.0" encoding="utf-8"?>
<Project ToolsVersion="4.0" xmlns="http://schemas.microsoft.com/developer/msbuild/2003">
  <ItemGroup>
    <Filter Include="源文件">
      <UniqueIdentifier>{4FC737F1-C7A5-4376-A066-2A32D752A2FF}</UniqueIdentifier>
      <Extensions>cpp;c;cc;cxx;c++;cppm;ixx;def;odl;idl;hpj;bat;asm;asmx</Extensions>
    </Filter>
    <Filter Include="头文件">
      <UniqueIdentifier>{93995380-89BD-4b04-88EB-625FBE52EBFB}</UniqueIdentifier>
      <Extensions>h;hh;hpp;hxx;h++;hm;inl;inc;ipp;xsd</Extensions>
    </Filter>
    <Filter Include="资源文件">
      <UniqueIdentifier>{67DA6AB6-F800-4c08-8B7A-83BB121AAD01}</UniqueIdentifier>
      <Extensions>rc;ico;cur;bmp;dlg;rc2;rct;bin;rgs;gif;jpg;jpeg;jpe;resx;tiff;tif;png;wav;mfcribbon-ms</Extensions>
    </Filter>
    <Filter Include="源文件\第3章 线性表">
      <UniqueIdentifier>{5d8c3fc0-f84c-4b61-b826-7669fb9d3e4c}</UniqueIdentifier>
    </Filter>
    <Filter Include="源文件\第4章 栈与队列">
      <UniqueIdentifier>{55aa7e57-dc90-46f4-9ecc-469ae714c35a}</UniqueIdentifier>
    </Filter>
    <Filter Include="源文件\第5章 串">
      <UniqueIdentifier>{1d7d0408-a8ee-4d6e-b9e4-80eb12680fb8}</UniqueIdentifier>
    </Filter>
    <Filter Include="源文件\第6章 树">
      <UniqueIdentifier>{dc2491c4-560d-43f6-ad94-a898974b60e7}</UniqueIdentifier>
    </Filter>
  </ItemGroup>
  <ItemGroup>
    <ClCompile Include="01线性表顺序存储_List.c">
      <Filter>源文件\第3章 线性表</Filter>
    </ClCompile>
    <ClCompile Include="main.c">
      <Filter>源文件</Filter>
    </ClCompile>
    <ClCompile Include="02线性表链式存储_LinkList.c">
      <Filter>源文件\第3章 线性表</Filter>
    </ClCompile>
    <ClCompile Include="03静态链表_StaticLinkList.c">
      <Filter>源文件\第3章 线性表</Filter>
    </ClCompile>
    <ClCompile Include="01顺序栈_Stack.c">
      <Filter>源文件\第4章 栈与队列</Filter>
    </ClCompile>
    <ClCompile Include="02两栈共享空间_DoubleStack.c">
      <Filter>源文件\第4章 栈与队列</Filter>
    </ClCompile>
    <ClCompile Include="03链栈_LinkStack.c">
      <Filter>源文件\第4章 栈与队列</Filter>
    </ClCompile>
    <ClCompile Include="04顺序队列_Queue.c">
      <Filter>源文件\第3章 线性表</Filter>
    </ClCompile>
    <ClCompile Include="05链队列_LinkQueue.c">
      <Filter>源文件\第3章 线性表</Filter>
    </ClCompile>
    <ClCompile Include="01串_String.c">
      <Filter>源文件\第5章 串</Filter>
    </ClCompile>
    <ClCompile Include="02模式匹配_KMP.c">
      <Filter>源文件\第5章 串</Filter>
    </ClCompile>
    <ClCompile Include="01树的存储结构.c">
      <Filter>源文件\第6章 树</Filter>
    </ClCompile>
    <ClCompile Include="02二叉树的遍历.c">
      <Filter>源文件\第6章 树</Filter>
    </ClCompile>
    <ClCompile Include="03二叉树的建立.c">
      <Filter>源文件\第6章 树</Filter>
    </ClCompile>
    <ClCompile Include="04线索二叉树.c">
      <Filter>源文件\第6章 树</Filter>
    </ClCompile>
  </ItemGroup>
</Project>