
Microsoft Visual Studio Solution File, Format Version 10.00
# Visual Studio 2008
Project("{2150E333-8FDC-42A3-9474-1A3956D46DE8}") = "Lib", "Lib", "{7DB2BFE5-449D-46EF-B019-68959BFB6020}"
	ProjectSection(SolutionItems) = preProject
		Lib\AjaxControlToolkit.dll = Lib\AjaxControlToolkit.dll
		Lib\AjaxControlToolkit.pdb = Lib\AjaxControlToolkit.pdb
	EndProjectSection
EndProject
Project("{F184B08F-C81C-45F6-A57F-5ABD9991F28F}") = "LinqBooks.Entities", "LinqBooks.Entities\LinqBooks.Entities.vbproj", "{D4F03812-AFED-4433-A951-87889D6E1492}"
EndProject
Project("{F184B08F-C81C-45F6-A57F-5ABD9991F28F}") = "LinqBooks.DataAccess", "LinqBooks.DataAccess\LinqBooks.DataAccess.vbproj", "{EAAF651A-BC21-49C9-AC93-5EDDA5276440}"
EndProject
Project("{F184B08F-C81C-45F6-A57F-5ABD9991F28F}") = "LinqBooks.ImportFromAmazon", "LinqBooks.ImportFromAmazon\LinqBooks.ImportFromAmazon.vbproj", "{44B32372-0C86-42AB-913F-D9384CD91C8B}"
EndProject
Project("{F184B08F-C81C-45F6-A57F-5ABD9991F28F}") = "LinqBooks.Web", "LinqBooks.Web\LinqBooks.Web.vbproj", "{44EB7303-8278-498F-8D81-13031DE625B2}"
EndProject
Project("{FAE04EC0-301F-11D3-BF4B-00C04F79EFBC}") = "AmazonCommon", "..\AmazonCommon\AmazonCommon.csproj", "{A272B4AF-92AA-4C1F-8D4A-6788C808134B}"
EndProject
Global
	GlobalSection(SolutionConfigurationPlatforms) = preSolution
		Debug|Any CPU = Debug|Any CPU
		Release|Any CPU = Release|Any CPU
	EndGlobalSection
	GlobalSection(ProjectConfigurationPlatforms) = postSolution
		{D4F03812-AFED-4433-A951-87889D6E1492}.Debug|Any CPU.ActiveCfg = Debug|Any CPU
		{D4F03812-AFED-4433-A951-87889D6E1492}.Debug|Any CPU.Build.0 = Debug|Any CPU
		{D4F03812-AFED-4433-A951-87889D6E1492}.Release|Any CPU.ActiveCfg = Release|Any CPU
		{D4F03812-AFED-4433-A951-87889D6E1492}.Release|Any CPU.Build.0 = Release|Any CPU
		{EAAF651A-BC21-49C9-AC93-5EDDA5276440}.Debug|Any CPU.ActiveCfg = Debug|Any CPU
		{EAAF651A-BC21-49C9-AC93-5EDDA5276440}.Debug|Any CPU.Build.0 = Debug|Any CPU
		{EAAF651A-BC21-49C9-AC93-5EDDA5276440}.Release|Any CPU.ActiveCfg = Release|Any CPU
		{EAAF651A-BC21-49C9-AC93-5EDDA5276440}.Release|Any CPU.Build.0 = Release|Any CPU
		{44B32372-0C86-42AB-913F-D9384CD91C8B}.Debug|Any CPU.ActiveCfg = Debug|Any CPU
		{44B32372-0C86-42AB-913F-D9384CD91C8B}.Debug|Any CPU.Build.0 = Debug|Any CPU
		{44B32372-0C86-42AB-913F-D9384CD91C8B}.Release|Any CPU.ActiveCfg = Release|Any CPU
		{44B32372-0C86-42AB-913F-D9384CD91C8B}.Release|Any CPU.Build.0 = Release|Any CPU
		{44EB7303-8278-498F-8D81-13031DE625B2}.Debug|Any CPU.ActiveCfg = Debug|Any CPU
		{44EB7303-8278-498F-8D81-13031DE625B2}.Debug|Any CPU.Build.0 = Debug|Any CPU
		{44EB7303-8278-498F-8D81-13031DE625B2}.Release|Any CPU.ActiveCfg = Release|Any CPU
		{44EB7303-8278-498F-8D81-13031DE625B2}.Release|Any CPU.Build.0 = Release|Any CPU
		{A272B4AF-92AA-4C1F-8D4A-6788C808134B}.Debug|Any CPU.ActiveCfg = Debug|Any CPU
		{A272B4AF-92AA-4C1F-8D4A-6788C808134B}.Debug|Any CPU.Build.0 = Debug|Any CPU
		{A272B4AF-92AA-4C1F-8D4A-6788C808134B}.Release|Any CPU.ActiveCfg = Release|Any CPU
		{A272B4AF-92AA-4C1F-8D4A-6788C808134B}.Release|Any CPU.Build.0 = Release|Any CPU
	EndGlobalSection
	GlobalSection(SolutionProperties) = preSolution
		HideSolutionNode = FALSE
	EndGlobalSection
EndGlobal
