
Microsoft Visual Studio Solution File, Format Version 10.00
# Visual Studio 2008
Project("{F184B08F-C81C-45F6-A57F-5ABD9991F28F}") = "CustomImplementation", "CustomImplementation\CustomImplementation.vbproj", "{8C55F4CB-7ADE-431F-B2FF-4970D757FF1D}"
EndProject
Project("{FAE04EC0-301F-11D3-BF4B-00C04F79EFBC}") = "LinqBooks.Common", "..\LinqBooks.Common\LinqBooks.Common.csproj", "{E17DD4EA-A8DA-4FFE-BE2F-9CFAA8D7626F}"
EndProject
Project("{FAE04EC0-301F-11D3-BF4B-00C04F79EFBC}") = "ObjectDumper", "..\ObjectDumper\ObjectDumper.csproj", "{D2BE27AE-A151-4259-931A-D95B906E10B6}"
EndProject
Project("{F184B08F-C81C-45F6-A57F-5ABD9991F28F}") = "CustomQueryOperators", "CustomQueryOperators\CustomQueryOperators.vbproj", "{E44B628A-0913-4648-877B-7960B3A3199D}"
EndProject
Project("{F184B08F-C81C-45F6-A57F-5ABD9991F28F}") = "DomainSpecificOperators", "DomainSpecificOperators\DomainSpecificOperators.vbproj", "{F886EEF9-F460-4B58-AAE2-6C76112A7B5B}"
EndProject
Project("{F184B08F-C81C-45F6-A57F-5ABD9991F28F}") = "LongSum", "LongSum\LongSum.vbproj", "{54EF342D-B644-4E86-A9DC-C691A0C4DC00}"
EndProject
Project("{F184B08F-C81C-45F6-A57F-5ABD9991F28F}") = "NonSequenceOperator", "NonSequenceOperator\NonSequenceOperator.vbproj", "{76A40247-9C39-4EF5-A45F-0BE2F3BCFCF6}"
EndProject
Project("{F184B08F-C81C-45F6-A57F-5ABD9991F28F}") = "LinqToAmazon", "LinqToAmazon\LinqToAmazon.vbproj", "{830B39BD-9573-43F6-A68A-0F73ACEFAA3B}"
EndProject
Project("{FAE04EC0-301F-11D3-BF4B-00C04F79EFBC}") = "AmazonCommon", "..\AmazonCommon\AmazonCommon.csproj", "{A272B4AF-92AA-4C1F-8D4A-6788C808134B}"
EndProject
Global
	GlobalSection(SolutionConfigurationPlatforms) = preSolution
		Debug|Any CPU = Debug|Any CPU
		Release|Any CPU = Release|Any CPU
	EndGlobalSection
	GlobalSection(ProjectConfigurationPlatforms) = postSolution
		{8C55F4CB-7ADE-431F-B2FF-4970D757FF1D}.Debug|Any CPU.ActiveCfg = Debug|Any CPU
		{8C55F4CB-7ADE-431F-B2FF-4970D757FF1D}.Debug|Any CPU.Build.0 = Debug|Any CPU
		{8C55F4CB-7ADE-431F-B2FF-4970D757FF1D}.Release|Any CPU.ActiveCfg = Release|Any CPU
		{8C55F4CB-7ADE-431F-B2FF-4970D757FF1D}.Release|Any CPU.Build.0 = Release|Any CPU
		{E17DD4EA-A8DA-4FFE-BE2F-9CFAA8D7626F}.Debug|Any CPU.ActiveCfg = Debug|Any CPU
		{E17DD4EA-A8DA-4FFE-BE2F-9CFAA8D7626F}.Debug|Any CPU.Build.0 = Debug|Any CPU
		{E17DD4EA-A8DA-4FFE-BE2F-9CFAA8D7626F}.Release|Any CPU.ActiveCfg = Release|Any CPU
		{E17DD4EA-A8DA-4FFE-BE2F-9CFAA8D7626F}.Release|Any CPU.Build.0 = Release|Any CPU
		{D2BE27AE-A151-4259-931A-D95B906E10B6}.Debug|Any CPU.ActiveCfg = Debug|Any CPU
		{D2BE27AE-A151-4259-931A-D95B906E10B6}.Debug|Any CPU.Build.0 = Debug|Any CPU
		{D2BE27AE-A151-4259-931A-D95B906E10B6}.Release|Any CPU.ActiveCfg = Release|Any CPU
		{D2BE27AE-A151-4259-931A-D95B906E10B6}.Release|Any CPU.Build.0 = Release|Any CPU
		{E44B628A-0913-4648-877B-7960B3A3199D}.Debug|Any CPU.ActiveCfg = Debug|Any CPU
		{E44B628A-0913-4648-877B-7960B3A3199D}.Debug|Any CPU.Build.0 = Debug|Any CPU
		{E44B628A-0913-4648-877B-7960B3A3199D}.Release|Any CPU.ActiveCfg = Release|Any CPU
		{E44B628A-0913-4648-877B-7960B3A3199D}.Release|Any CPU.Build.0 = Release|Any CPU
		{F886EEF9-F460-4B58-AAE2-6C76112A7B5B}.Debug|Any CPU.ActiveCfg = Debug|Any CPU
		{F886EEF9-F460-4B58-AAE2-6C76112A7B5B}.Debug|Any CPU.Build.0 = Debug|Any CPU
		{F886EEF9-F460-4B58-AAE2-6C76112A7B5B}.Release|Any CPU.ActiveCfg = Release|Any CPU
		{F886EEF9-F460-4B58-AAE2-6C76112A7B5B}.Release|Any CPU.Build.0 = Release|Any CPU
		{54EF342D-B644-4E86-A9DC-C691A0C4DC00}.Debug|Any CPU.ActiveCfg = Debug|Any CPU
		{54EF342D-B644-4E86-A9DC-C691A0C4DC00}.Debug|Any CPU.Build.0 = Debug|Any CPU
		{54EF342D-B644-4E86-A9DC-C691A0C4DC00}.Release|Any CPU.ActiveCfg = Release|Any CPU
		{54EF342D-B644-4E86-A9DC-C691A0C4DC00}.Release|Any CPU.Build.0 = Release|Any CPU
		{76A40247-9C39-4EF5-A45F-0BE2F3BCFCF6}.Debug|Any CPU.ActiveCfg = Debug|Any CPU
		{76A40247-9C39-4EF5-A45F-0BE2F3BCFCF6}.Debug|Any CPU.Build.0 = Debug|Any CPU
		{76A40247-9C39-4EF5-A45F-0BE2F3BCFCF6}.Release|Any CPU.ActiveCfg = Release|Any CPU
		{76A40247-9C39-4EF5-A45F-0BE2F3BCFCF6}.Release|Any CPU.Build.0 = Release|Any CPU
		{830B39BD-9573-43F6-A68A-0F73ACEFAA3B}.Debug|Any CPU.ActiveCfg = Debug|Any CPU
		{830B39BD-9573-43F6-A68A-0F73ACEFAA3B}.Debug|Any CPU.Build.0 = Debug|Any CPU
		{830B39BD-9573-43F6-A68A-0F73ACEFAA3B}.Release|Any CPU.ActiveCfg = Release|Any CPU
		{830B39BD-9573-43F6-A68A-0F73ACEFAA3B}.Release|Any CPU.Build.0 = Release|Any CPU
		{A272B4AF-92AA-4C1F-8D4A-6788C808134B}.Debug|Any CPU.ActiveCfg = Debug|Any CPU
		{A272B4AF-92AA-4C1F-8D4A-6788C808134B}.Debug|Any CPU.Build.0 = Debug|Any CPU
		{A272B4AF-92AA-4C1F-8D4A-6788C808134B}.Release|Any CPU.ActiveCfg = Release|Any CPU
		{A272B4AF-92AA-4C1F-8D4A-6788C808134B}.Release|Any CPU.Build.0 = Release|Any CPU
	EndGlobalSection
	GlobalSection(SolutionProperties) = preSolution
		HideSolutionNode = FALSE
	EndGlobalSection
	GlobalSection(TextTemplating) = postSolution
		TextTemplating = 1
	EndGlobalSection
EndGlobal
