
Microsoft Visual Studio Solution File, Format Version 12.00
# Visual Studio Version 16
VisualStudioVersion = 16.0.31402.337
MinimumVisualStudioVersion = 10.0.40219.1
Project("{FAE04EC0-301F-11D3-BF4B-00C04F79EFBC}") = "E9-Workflow", "E9-Workflow\E9-Workflow.csproj", "{BCDDEF3C-D640-4EFC-94C0-2F85A423A8C0}"
EndProject
Project("{FAE04EC0-301F-11D3-BF4B-00C04F79EFBC}") = "HelloWorkflow", "HelloWorkflow\HelloWorkflow.csproj", "{D655B877-417B-4DDE-8EF6-43EC93FF34B6}"
EndProject
Global
	GlobalSection(SolutionConfigurationPlatforms) = preSolution
		Debug|Any CPU = Debug|Any CPU
		Release|Any CPU = Release|Any CPU
	EndGlobalSection
	GlobalSection(ProjectConfigurationPlatforms) = postSolution
		{BCDDEF3C-D640-4EFC-94C0-2F85A423A8C0}.Debug|Any CPU.ActiveCfg = Debug|Any CPU
		{BCDDEF3C-D640-4EFC-94C0-2F85A423A8C0}.Debug|Any CPU.Build.0 = Debug|Any CPU
		{BCDDEF3C-D640-4EFC-94C0-2F85A423A8C0}.Release|Any CPU.ActiveCfg = Release|Any CPU
		{BCDDEF3C-D640-4EFC-94C0-2F85A423A8C0}.Release|Any CPU.Build.0 = Release|Any CPU
		{D655B877-417B-4DDE-8EF6-43EC93FF34B6}.Debug|Any CPU.ActiveCfg = Debug|Any CPU
		{D655B877-417B-4DDE-8EF6-43EC93FF34B6}.Debug|Any CPU.Build.0 = Debug|Any CPU
		{D655B877-417B-4DDE-8EF6-43EC93FF34B6}.Release|Any CPU.ActiveCfg = Release|Any CPU
		{D655B877-417B-4DDE-8EF6-43EC93FF34B6}.Release|Any CPU.Build.0 = Release|Any CPU
	EndGlobalSection
	GlobalSection(SolutionProperties) = preSolution
		HideSolutionNode = FALSE
	EndGlobalSection
	GlobalSection(ExtensibilityGlobals) = postSolution
		SolutionGuid = {70EA8E48-C1AD-438F-A0A1-E2C81CBCC99D}
	EndGlobalSection
EndGlobal
