
Microsoft Visual Studio Solution File, Format Version 12.00
# Visual Studio Version 16
VisualStudioVersion = 16.0.31515.178
MinimumVisualStudioVersion = 10.0.40219.1
Project("{FAE04EC0-301F-11D3-BF4B-00C04F79EFBC}") = "Temp_WebApplication", "Temp_WebApplication\Temp_WebApplication.csproj", "{72D85BB1-E390-420E-A63B-F4DE25577184}"
EndProject
Global
	GlobalSection(SolutionConfigurationPlatforms) = preSolution
		Debug|Any CPU = Debug|Any CPU
		Release|Any CPU = Release|Any CPU
	EndGlobalSection
	GlobalSection(ProjectConfigurationPlatforms) = postSolution
		{72D85BB1-E390-420E-A63B-F4DE25577184}.Debug|Any CPU.ActiveCfg = Debug|Any CPU
		{72D85BB1-E390-420E-A63B-F4DE25577184}.Debug|Any CPU.Build.0 = Debug|Any CPU
		{72D85BB1-E390-420E-A63B-F4DE25577184}.Release|Any CPU.ActiveCfg = Release|Any CPU
		{72D85BB1-E390-420E-A63B-F4DE25577184}.Release|Any CPU.Build.0 = Release|Any CPU
	EndGlobalSection
	GlobalSection(SolutionProperties) = preSolution
		HideSolutionNode = FALSE
	EndGlobalSection
	GlobalSection(ExtensibilityGlobals) = postSolution
		SolutionGuid = {421D32C5-BBAB-42FB-877F-9D03389644AF}
	EndGlobalSection
EndGlobal
