
Microsoft Visual Studio Solution File, Format Version 10.00
# Visual Studio 2008
Project("{F184B08F-C81C-45F6-A57F-5ABD9991F28F}") = "DeferredQueryExecution", "DeferredQueryExecution\DeferredQueryExecution.vbproj", "{E1A40888-AAD3-4A39-BCE1-EB4821CB22A5}"
EndProject
Project("{F184B08F-C81C-45F6-A57F-5ABD9991F28F}") = "ExpressionTrees", "ExpressionTrees\ExpressionTrees.vbproj", "{22FA771A-B1C0-4E92-9927-826D1B63EC49}"
EndProject
Project("{F184B08F-C81C-45F6-A57F-5ABD9991F28F}") = "ImmediateQueryExecution", "ImmediateQueryExecution\ImmediateQueryExecution.vbproj", "{D665C671-6F92-4DB2-BF14-393FF013AEBC}"
EndProject
Project("{F184B08F-C81C-45F6-A57F-5ABD9991F28F}") = "Iterator", "Iterator\Iterator.vbproj", "{F7256B17-9134-4535-9788-999DC9CC3650}"
EndProject
Project("{F184B08F-C81C-45F6-A57F-5ABD9991F28F}") = "QueryExpression", "QueryExpression\QueryExpression.vbproj", "{2CD78B75-E331-4AA8-BFF1-2F63B43BA663}"
EndProject
Project("{FAE04EC0-301F-11D3-BF4B-00C04F79EFBC}") = "LinqBooks.Common", "..\LinqBooks.Common\LinqBooks.Common.csproj", "{E17DD4EA-A8DA-4FFE-BE2F-9CFAA8D7626F}"
EndProject
Project("{F184B08F-C81C-45F6-A57F-5ABD9991F28F}") = "QueryExpressionWithOperators", "QueryExpressionWithOperators\QueryExpressionWithOperators.vbproj", "{3ED8837A-2266-40B1-AF08-8F29AF7C6481}"
EndProject
Project("{F184B08F-C81C-45F6-A57F-5ABD9991F28F}") = "QueryReuse", "QueryReuse\QueryReuse.vbproj", "{88A2B235-7B45-43B2-B5B3-DA6DEA123346}"
EndProject
Global
	GlobalSection(SolutionConfigurationPlatforms) = preSolution
		Debug|Any CPU = Debug|Any CPU
		Release|Any CPU = Release|Any CPU
	EndGlobalSection
	GlobalSection(ProjectConfigurationPlatforms) = postSolution
		{E1A40888-AAD3-4A39-BCE1-EB4821CB22A5}.Debug|Any CPU.ActiveCfg = Debug|Any CPU
		{E1A40888-AAD3-4A39-BCE1-EB4821CB22A5}.Debug|Any CPU.Build.0 = Debug|Any CPU
		{E1A40888-AAD3-4A39-BCE1-EB4821CB22A5}.Release|Any CPU.ActiveCfg = Release|Any CPU
		{E1A40888-AAD3-4A39-BCE1-EB4821CB22A5}.Release|Any CPU.Build.0 = Release|Any CPU
		{22FA771A-B1C0-4E92-9927-826D1B63EC49}.Debug|Any CPU.ActiveCfg = Debug|Any CPU
		{22FA771A-B1C0-4E92-9927-826D1B63EC49}.Debug|Any CPU.Build.0 = Debug|Any CPU
		{22FA771A-B1C0-4E92-9927-826D1B63EC49}.Release|Any CPU.ActiveCfg = Release|Any CPU
		{22FA771A-B1C0-4E92-9927-826D1B63EC49}.Release|Any CPU.Build.0 = Release|Any CPU
		{D665C671-6F92-4DB2-BF14-393FF013AEBC}.Debug|Any CPU.ActiveCfg = Debug|Any CPU
		{D665C671-6F92-4DB2-BF14-393FF013AEBC}.Debug|Any CPU.Build.0 = Debug|Any CPU
		{D665C671-6F92-4DB2-BF14-393FF013AEBC}.Release|Any CPU.ActiveCfg = Release|Any CPU
		{D665C671-6F92-4DB2-BF14-393FF013AEBC}.Release|Any CPU.Build.0 = Release|Any CPU
		{F7256B17-9134-4535-9788-999DC9CC3650}.Debug|Any CPU.ActiveCfg = Debug|Any CPU
		{F7256B17-9134-4535-9788-999DC9CC3650}.Debug|Any CPU.Build.0 = Debug|Any CPU
		{F7256B17-9134-4535-9788-999DC9CC3650}.Release|Any CPU.ActiveCfg = Release|Any CPU
		{F7256B17-9134-4535-9788-999DC9CC3650}.Release|Any CPU.Build.0 = Release|Any CPU
		{2CD78B75-E331-4AA8-BFF1-2F63B43BA663}.Debug|Any CPU.ActiveCfg = Debug|Any CPU
		{2CD78B75-E331-4AA8-BFF1-2F63B43BA663}.Debug|Any CPU.Build.0 = Debug|Any CPU
		{2CD78B75-E331-4AA8-BFF1-2F63B43BA663}.Release|Any CPU.ActiveCfg = Release|Any CPU
		{2CD78B75-E331-4AA8-BFF1-2F63B43BA663}.Release|Any CPU.Build.0 = Release|Any CPU
		{E17DD4EA-A8DA-4FFE-BE2F-9CFAA8D7626F}.Debug|Any CPU.ActiveCfg = Debug|Any CPU
		{E17DD4EA-A8DA-4FFE-BE2F-9CFAA8D7626F}.Debug|Any CPU.Build.0 = Debug|Any CPU
		{E17DD4EA-A8DA-4FFE-BE2F-9CFAA8D7626F}.Release|Any CPU.ActiveCfg = Release|Any CPU
		{E17DD4EA-A8DA-4FFE-BE2F-9CFAA8D7626F}.Release|Any CPU.Build.0 = Release|Any CPU
		{3ED8837A-2266-40B1-AF08-8F29AF7C6481}.Debug|Any CPU.ActiveCfg = Debug|Any CPU
		{3ED8837A-2266-40B1-AF08-8F29AF7C6481}.Debug|Any CPU.Build.0 = Debug|Any CPU
		{3ED8837A-2266-40B1-AF08-8F29AF7C6481}.Release|Any CPU.ActiveCfg = Release|Any CPU
		{3ED8837A-2266-40B1-AF08-8F29AF7C6481}.Release|Any CPU.Build.0 = Release|Any CPU
		{88A2B235-7B45-43B2-B5B3-DA6DEA123346}.Debug|Any CPU.ActiveCfg = Debug|Any CPU
		{88A2B235-7B45-43B2-B5B3-DA6DEA123346}.Debug|Any CPU.Build.0 = Debug|Any CPU
		{88A2B235-7B45-43B2-B5B3-DA6DEA123346}.Release|Any CPU.ActiveCfg = Release|Any CPU
		{88A2B235-7B45-43B2-B5B3-DA6DEA123346}.Release|Any CPU.Build.0 = Release|Any CPU
	EndGlobalSection
	GlobalSection(SolutionProperties) = preSolution
		HideSolutionNode = FALSE
	EndGlobalSection
EndGlobal
