
Microsoft Visual Studio Solution File, Format Version 10.00
# Visual Studio 2008
Project("{F184B08F-C81C-45F6-A57F-5ABD9991F28F}") = "LambdaExpressions", "LambdaExpressions\LambdaExpressions.vbproj", "{65A373B1-44B6-4B2C-B895-AA36DF782B17}"
EndProject
Project("{FAE04EC0-301F-11D3-BF4B-00C04F79EFBC}") = "ObjectDumper", "..\ObjectDumper\ObjectDumper.csproj", "{D2BE27AE-A151-4259-931A-D95B906E10B6}"
EndProject
Project("{F184B08F-C81C-45F6-A57F-5ABD9991F28F}") = "AnonymousTypes", "AnonymousTypes\AnonymousTypes.vbproj", "{2B2BC577-880C-4E9B-9AD0-810A8112AACF}"
EndProject
Project("{F184B08F-C81C-45F6-A57F-5ABD9991F28F}") = "CompleteCode", "CompleteCode\CompleteCode.vbproj", "{8EADE097-E688-4F43-80F4-19FFC46ADEB1}"
EndProject
Project("{F184B08F-C81C-45F6-A57F-5ABD9991F28F}") = "DotNet2", "DotNet2\DotNet2.vbproj", "{7F09C556-546F-4283-9E07-35A25B34857F}"
EndProject
Project("{F184B08F-C81C-45F6-A57F-5ABD9991F28F}") = "DotNet2Improved", "DotNet2Improved\DotNet2Improved.vbproj", "{762DD2B3-B33C-4635-9F82-CBB913E72B3A}"
EndProject
Project("{F184B08F-C81C-45F6-A57F-5ABD9991F28F}") = "ExtensionMethods", "ExtensionMethods\ExtensionMethods.vbproj", "{20F21C83-3248-42C1-B543-A0BA9A29F07D}"
EndProject
Project("{F184B08F-C81C-45F6-A57F-5ABD9991F28F}") = "ExtensionMethodsDiscoverability", "ExtensionMethodsDiscoverability\ExtensionMethodsDiscoverability.vbproj", "{5DFA77FF-599E-42CC-A056-C7D278C4FC67}"
EndProject
Project("{F184B08F-C81C-45F6-A57F-5ABD9991F28F}") = "ObjectInitializer", "ObjectInitializer\ObjectInitializer.vbproj", "{CEA695E7-4613-4364-91DF-0F88B6D99F09}"
EndProject
Project("{F184B08F-C81C-45F6-A57F-5ABD9991F28F}") = "UsingDim", "UsingDim\UsingDim.vbproj", "{616C5901-FDE8-44DA-83C8-47FF87CD2A38}"
EndProject
Global
	GlobalSection(TextTemplating) = postSolution
		TextTemplating = 1
	EndGlobalSection
	GlobalSection(SolutionConfigurationPlatforms) = preSolution
		Debug|Any CPU = Debug|Any CPU
		Release|Any CPU = Release|Any CPU
	EndGlobalSection
	GlobalSection(ProjectConfigurationPlatforms) = postSolution
		{65A373B1-44B6-4B2C-B895-AA36DF782B17}.Debug|Any CPU.ActiveCfg = Debug|Any CPU
		{65A373B1-44B6-4B2C-B895-AA36DF782B17}.Debug|Any CPU.Build.0 = Debug|Any CPU
		{65A373B1-44B6-4B2C-B895-AA36DF782B17}.Release|Any CPU.ActiveCfg = Release|Any CPU
		{65A373B1-44B6-4B2C-B895-AA36DF782B17}.Release|Any CPU.Build.0 = Release|Any CPU
		{D2BE27AE-A151-4259-931A-D95B906E10B6}.Debug|Any CPU.ActiveCfg = Debug|Any CPU
		{D2BE27AE-A151-4259-931A-D95B906E10B6}.Debug|Any CPU.Build.0 = Debug|Any CPU
		{D2BE27AE-A151-4259-931A-D95B906E10B6}.Release|Any CPU.ActiveCfg = Release|Any CPU
		{D2BE27AE-A151-4259-931A-D95B906E10B6}.Release|Any CPU.Build.0 = Release|Any CPU
		{2B2BC577-880C-4E9B-9AD0-810A8112AACF}.Debug|Any CPU.ActiveCfg = Debug|Any CPU
		{2B2BC577-880C-4E9B-9AD0-810A8112AACF}.Debug|Any CPU.Build.0 = Debug|Any CPU
		{2B2BC577-880C-4E9B-9AD0-810A8112AACF}.Release|Any CPU.ActiveCfg = Release|Any CPU
		{2B2BC577-880C-4E9B-9AD0-810A8112AACF}.Release|Any CPU.Build.0 = Release|Any CPU
		{8EADE097-E688-4F43-80F4-19FFC46ADEB1}.Debug|Any CPU.ActiveCfg = Debug|Any CPU
		{8EADE097-E688-4F43-80F4-19FFC46ADEB1}.Debug|Any CPU.Build.0 = Debug|Any CPU
		{8EADE097-E688-4F43-80F4-19FFC46ADEB1}.Release|Any CPU.ActiveCfg = Release|Any CPU
		{8EADE097-E688-4F43-80F4-19FFC46ADEB1}.Release|Any CPU.Build.0 = Release|Any CPU
		{7F09C556-546F-4283-9E07-35A25B34857F}.Debug|Any CPU.ActiveCfg = Debug|Any CPU
		{7F09C556-546F-4283-9E07-35A25B34857F}.Debug|Any CPU.Build.0 = Debug|Any CPU
		{7F09C556-546F-4283-9E07-35A25B34857F}.Release|Any CPU.ActiveCfg = Release|Any CPU
		{7F09C556-546F-4283-9E07-35A25B34857F}.Release|Any CPU.Build.0 = Release|Any CPU
		{762DD2B3-B33C-4635-9F82-CBB913E72B3A}.Debug|Any CPU.ActiveCfg = Debug|Any CPU
		{762DD2B3-B33C-4635-9F82-CBB913E72B3A}.Debug|Any CPU.Build.0 = Debug|Any CPU
		{762DD2B3-B33C-4635-9F82-CBB913E72B3A}.Release|Any CPU.ActiveCfg = Release|Any CPU
		{762DD2B3-B33C-4635-9F82-CBB913E72B3A}.Release|Any CPU.Build.0 = Release|Any CPU
		{20F21C83-3248-42C1-B543-A0BA9A29F07D}.Debug|Any CPU.ActiveCfg = Debug|Any CPU
		{20F21C83-3248-42C1-B543-A0BA9A29F07D}.Debug|Any CPU.Build.0 = Debug|Any CPU
		{20F21C83-3248-42C1-B543-A0BA9A29F07D}.Release|Any CPU.ActiveCfg = Release|Any CPU
		{20F21C83-3248-42C1-B543-A0BA9A29F07D}.Release|Any CPU.Build.0 = Release|Any CPU
		{5DFA77FF-599E-42CC-A056-C7D278C4FC67}.Debug|Any CPU.ActiveCfg = Debug|Any CPU
		{5DFA77FF-599E-42CC-A056-C7D278C4FC67}.Debug|Any CPU.Build.0 = Debug|Any CPU
		{5DFA77FF-599E-42CC-A056-C7D278C4FC67}.Release|Any CPU.ActiveCfg = Release|Any CPU
		{5DFA77FF-599E-42CC-A056-C7D278C4FC67}.Release|Any CPU.Build.0 = Release|Any CPU
		{CEA695E7-4613-4364-91DF-0F88B6D99F09}.Debug|Any CPU.ActiveCfg = Debug|Any CPU
		{CEA695E7-4613-4364-91DF-0F88B6D99F09}.Debug|Any CPU.Build.0 = Debug|Any CPU
		{CEA695E7-4613-4364-91DF-0F88B6D99F09}.Release|Any CPU.ActiveCfg = Release|Any CPU
		{CEA695E7-4613-4364-91DF-0F88B6D99F09}.Release|Any CPU.Build.0 = Release|Any CPU
		{616C5901-FDE8-44DA-83C8-47FF87CD2A38}.Debug|Any CPU.ActiveCfg = Debug|Any CPU
		{616C5901-FDE8-44DA-83C8-47FF87CD2A38}.Debug|Any CPU.Build.0 = Debug|Any CPU
		{616C5901-FDE8-44DA-83C8-47FF87CD2A38}.Release|Any CPU.ActiveCfg = Release|Any CPU
		{616C5901-FDE8-44DA-83C8-47FF87CD2A38}.Release|Any CPU.Build.0 = Release|Any CPU
	EndGlobalSection
	GlobalSection(SolutionProperties) = preSolution
		HideSolutionNode = FALSE
	EndGlobalSection
EndGlobal
